
Microsoft Visual Studio Solution File, Format Version 12.00
# Visual Studio 15
VisualStudioVersion = 15.0.27130.2010
MinimumVisualStudioVersion = 10.0.40219.1
Project("{FAE04EC0-301F-11D3-BF4B-00C04F79EFBC}") = "DisruptorConsole", "DisruptorConsole\DisruptorConsole.csproj", "{20C239DF-58B1-459B-A80D-5A317A7F924F}"
EndProject
Global
	GlobalSection(SolutionConfigurationPlatforms) = preSolution
		Debug|Any CPU = Debug|Any CPU
		Release|Any CPU = Release|Any CPU
	EndGlobalSection
	GlobalSection(ProjectConfigurationPlatforms) = postSolution
		{20C239DF-58B1-459B-A80D-5A317A7F924F}.Debug|Any CPU.ActiveCfg = Debug|Any CPU
		{20C239DF-58B1-459B-A80D-5A317A7F924F}.Debug|Any CPU.Build.0 = Debug|Any CPU
		{20C239DF-58B1-459B-A80D-5A317A7F924F}.Release|Any CPU.ActiveCfg = Release|Any CPU
		{20C239DF-58B1-459B-A80D-5A317A7F924F}.Release|Any CPU.Build.0 = Release|Any CPU
	EndGlobalSection
	GlobalSection(SolutionProperties) = preSolution
		HideSolutionNode = FALSE
	EndGlobalSection
	GlobalSection(ExtensibilityGlobals) = postSolution
		SolutionGuid = {75068E2B-5F5F-4FEC-8B3A-E04FE5C514BA}
	EndGlobalSection
EndGlobal
