
Microsoft Visual Studio Solution File, Format Version 12.00
# Visual Studio 15
VisualStudioVersion = 15.0.26730.15
MinimumVisualStudioVersion = 10.0.40219.1
Project("{FAE04EC0-301F-11D3-BF4B-00C04F79EFBC}") = "DissassembleMethod", "DissassembleMethod\DissassembleMethod.csproj", "{F9DDEFAC-8BBB-48BF-B1BB-3693CB3D19AB}"
EndProject
Global
	GlobalSection(SolutionConfigurationPlatforms) = preSolution
		Debug|Any CPU = Debug|Any CPU
		Release|Any CPU = Release|Any CPU
	EndGlobalSection
	GlobalSection(ProjectConfigurationPlatforms) = postSolution
		{F9DDEFAC-8BBB-48BF-B1BB-3693CB3D19AB}.Debug|Any CPU.ActiveCfg = Debug|Any CPU
		{F9DDEFAC-8BBB-48BF-B1BB-3693CB3D19AB}.Debug|Any CPU.Build.0 = Debug|Any CPU
		{F9DDEFAC-8BBB-48BF-B1BB-3693CB3D19AB}.Release|Any CPU.ActiveCfg = Release|Any CPU
		{F9DDEFAC-8BBB-48BF-B1BB-3693CB3D19AB}.Release|Any CPU.Build.0 = Release|Any CPU
	EndGlobalSection
	GlobalSection(SolutionProperties) = preSolution
		HideSolutionNode = FALSE
	EndGlobalSection
	GlobalSection(ExtensibilityGlobals) = postSolution
		SolutionGuid = {0C0AC2A5-72B2-44EE-A712-F8F1A45C0925}
	EndGlobalSection
EndGlobal
