
Microsoft Visual Studio Solution File, Format Version 12.00
# Visual Studio Version 16
VisualStudioVersion = 16.0.28803.352
MinimumVisualStudioVersion = 10.0.40219.1
Project("{FAE04EC0-301F-11D3-BF4B-00C04F79EFBC}") = "WebApplication2", "WebApplication2\WebApplication2.csproj", "{BD3B0BFF-6E67-4E1C-8003-4950BE432CDC}"
EndProject
Global
	GlobalSection(SolutionConfigurationPlatforms) = preSolution
		Debug|Any CPU = Debug|Any CPU
		Release|Any CPU = Release|Any CPU
	EndGlobalSection
	GlobalSection(ProjectConfigurationPlatforms) = postSolution
		{BD3B0BFF-6E67-4E1C-8003-4950BE432CDC}.Debug|Any CPU.ActiveCfg = Debug|Any CPU
		{BD3B0BFF-6E67-4E1C-8003-4950BE432CDC}.Debug|Any CPU.Build.0 = Debug|Any CPU
		{BD3B0BFF-6E67-4E1C-8003-4950BE432CDC}.Release|Any CPU.ActiveCfg = Release|Any CPU
		{BD3B0BFF-6E67-4E1C-8003-4950BE432CDC}.Release|Any CPU.Build.0 = Release|Any CPU
	EndGlobalSection
	GlobalSection(SolutionProperties) = preSolution
		HideSolutionNode = FALSE
	EndGlobalSection
	GlobalSection(ExtensibilityGlobals) = postSolution
		SolutionGuid = {CB83A806-FE96-4DED-B588-6FF19EF4D816}
	EndGlobalSection
EndGlobal
